PODS:
  - Expecta (1.0.0)
  - Granola (0.1.0):
    - ObjectiveSugar (~> 1.1)
  - ObjectiveSugar (1.1.0)
  - Specta (1.0.0)
  - VVJSONSchemaValidation (1.3.0)

DEPENDENCIES:
  - Expecta (~> 1.0)
  - Granola (from `../`)
  - Specta (~> 1.0)
  - VVJSONSchemaValidation (~> 1.3)

EXTERNAL SOURCES:
  Granola:
    :path: "../"

SPEC CHECKSUMS:
  Expecta: 32604574add2c46a36f8d2f716b6c5736eb75024
  Granola: 5c4834fe825ae1ab57e6913749213f7e504cbebb
  ObjectiveSugar: a6a25f23d657c19df0a0b972466d5b5ca9f5295c
  Specta: 96fe05fe5c7348b5223f85e862904f6e832abb14
  VVJSONSchemaValidation: a384962161691d152c02464e61a86b4014f27d7c

COCOAPODS: 0.37.1
